// !$*UTF8*$!
{
	archiveVersion = 1;
	classes = {
	};
	objectVersion = 50;
	objects = {

/* Begin PBXBuildFile section */
		299A412C229C8A09007192A5 /* SCReviewRatingKit.framework in Frameworks */ = {isa = PBXBuildFile; fileRef = 299A4122229C8A09007192A5 /* SCReviewRatingKit.framework */; };
		299A4131229C8A09007192A5 /* SCReviewRatingKitTests.swift in Sources */ = {isa = PBXBuildFile; fileRef = 299A4130229C8A09007192A5 /* SCReviewRatingKitTests.swift */; };
		299A4133229C8A09007192A5 /* SCReviewRatingKit.h in Headers */ = {isa = PBXBuildFile; fileRef = 299A4125229C8A09007192A5 /* SCReviewRatingKit.h */; settings = {ATTRIBUTES = (Public, ); }; };
		299A4152229C997E007192A5 /* SCReviewRatingView.swift in Sources */ = {isa = PBXBuildFile; fileRef = 299A4151229C997E007192A5 /* SCReviewRatingView.swift */; };
		299A4157229CA5B8007192A5 /* UInt+Converter.swift in Sources */ = {isa = PBXBuildFile; fileRef = 299A4156229CA5B8007192A5 /* UInt+Converter.swift */; };
		29CC80D6229CEA6F00BD7B0E /* CGFloat+Converter.swift in Sources */ = {isa = PBXBuildFile; fileRef = 29CC80D5229CEA6F00BD7B0E /* CGFloat+Converter.swift */; };
		29CC80D8229CEAB300BD7B0E /* Float+Converter.swift in Sources */ = {isa = PBXBuildFile; fileRef = 29CC80D7229CEAB300BD7B0E /* Float+Converter.swift */; };
		29CC80DC229D0F8900BD7B0E /* Double+Converter.swift in Sources */ = {isa = PBXBuildFile; fileRef = 29CC80DB229D0F8900BD7B0E /* Double+Converter.swift */; };
		29CC80DE229E555500BD7B0E /* Configuration.swift in Sources */ = {isa = PBXBuildFile; fileRef = 29CC80DD229E555500BD7B0E /* Configuration.swift */; };
		29CC80E0229E562B00BD7B0E /* BaseView.swift in Sources */ = {isa = PBXBuildFile; fileRef = 29CC80DF229E562B00BD7B0E /* BaseView.swift */; };
		F426E007ECB99EA42F8283A8 /* ImageRatingDrawable.swift in Sources */ = {isa = PBXBuildFile; fileRef = F426E8941598A4C38FB06905 /* ImageRatingDrawable.swift */; };
		F426E2ADA48AFE77E27B6E36 /* StarShape.swift in Sources */ = {isa = PBXBuildFile; fileRef = F426E618D861CCDAB76B47AF /* StarShape.swift */; };
		F426E367A182219409C427D1 /* Shadable.swift in Sources */ = {isa = PBXBuildFile; fileRef = F426E5AF12234E488BA318D9 /* Shadable.swift */; };
		F426E6E56750590A263CCE7D /* Drawing.swift in Sources */ = {isa = PBXBuildFile; fileRef = F426EFC3744B2AAD24A0FD60 /* Drawing.swift */; };
		F426EA8DB5268E3442912E14 /* RatingDrawable.swift in Sources */ = {isa = PBXBuildFile; fileRef = F426EC74A514340F058447EA /* RatingDrawable.swift */; };
		F426EAA1DEF4D18BCDE96562 /* RatingConfig.swift in Sources */ = {isa = PBXBuildFile; fileRef = F426E5F535F9FA55D6F8A516 /* RatingConfig.swift */; };
		F426EB40CEE1B72AEF9825DC /* RatingDrawing.swift in Sources */ = {isa = PBXBuildFile; fileRef = F426EB6C38A1EA970CFFCD1C /* RatingDrawing.swift */; };
		F426EC063A832573EDD53211 /* ShapeRatingDrawing.swift in Sources */ = {isa = PBXBuildFile; fileRef = F426E76A99C148ED9C1440BA /* ShapeRatingDrawing.swift */; };
		F426EC66276493E13D6C66C6 /* Drawable.swift in Sources */ = {isa = PBXBuildFile; fileRef = F426E2C8FB3450753482763B /* Drawable.swift */; };
		F426EC9DD8234D8594D1ECB9 /* ShapeRatingDrawable.swift in Sources */ = {isa = PBXBuildFile; fileRef = F426E8BA618DAB08EEE3344C /* ShapeRatingDrawable.swift */; };
		F426ECE1EF778683DFD77FEB /* ImageRatingDrawing.swift in Sources */ = {isa = PBXBuildFile; fileRef = F426EBCB0D7F79FD3DA6569B /* ImageRatingDrawing.swift */; };
/* End PBXBuildFile section */

/* Begin PBXContainerItemProxy section */
		299A412D229C8A09007192A5 /* PBXContainerItemProxy */ = {
			isa = PBXContainerItemProxy;
			containerPortal = 299A4119229C8A09007192A5 /* Project object */;
			proxyType = 1;
			remoteGlobalIDString = 299A4121229C8A09007192A5;
			remoteInfo = SCReviewRatingKit;
		};
/* End PBXContainerItemProxy section */

/* Begin PBXFileReference section */
		299A4122229C8A09007192A5 /* SCReviewRatingKit.framework */ = {isa = PBXFileReference; explicitFileType = wrapper.framework; includeInIndex = 0; path = SCReviewRatingKit.framework; sourceTree = BUILT_PRODUCTS_DIR; };
		299A4125229C8A09007192A5 /* SCReviewRatingKit.h */ = {isa = PBXFileReference; lastKnownFileType = sourcecode.c.h; path = SCReviewRatingKit.h; sourceTree = "<group>"; };
		299A4126229C8A09007192A5 /* Info.plist */ = {isa = PBXFileReference; lastKnownFileType = text.plist.xml; path = Info.plist; sourceTree = "<group>"; };
		299A412B229C8A09007192A5 /* SCReviewRatingKitTests.xctest */ = {isa = PBXFileReference; explicitFileType = wrapper.cfbundle; includeInIndex = 0; path = SCReviewRatingKitTests.xctest; sourceTree = BUILT_PRODUCTS_DIR; };
		299A4130229C8A09007192A5 /* SCReviewRatingKitTests.swift */ = {isa = PBXFileReference; lastKnownFileType = sourcecode.swift; path = SCReviewRatingKitTests.swift; sourceTree = "<group>"; };
		299A4132229C8A09007192A5 /* Info.plist */ = {isa = PBXFileReference; lastKnownFileType = text.plist.xml; path = Info.plist; sourceTree = "<group>"; };
		299A4151229C997E007192A5 /* SCReviewRatingView.swift */ = {isa = PBXFileReference; lastKnownFileType = sourcecode.swift; path = SCReviewRatingView.swift; sourceTree = "<group>"; };
		299A4156229CA5B8007192A5 /* UInt+Converter.swift */ = {isa = PBXFileReference; lastKnownFileType = sourcecode.swift; path = "UInt+Converter.swift"; sourceTree = "<group>"; };
		29CC80D5229CEA6F00BD7B0E /* CGFloat+Converter.swift */ = {isa = PBXFileReference; lastKnownFileType = sourcecode.swift; path = "CGFloat+Converter.swift"; sourceTree = "<group>"; };
		29CC80D7229CEAB300BD7B0E /* Float+Converter.swift */ = {isa = PBXFileReference; lastKnownFileType = sourcecode.swift; path = "Float+Converter.swift"; sourceTree = "<group>"; };
		29CC80DB229D0F8900BD7B0E /* Double+Converter.swift */ = {isa = PBXFileReference; lastKnownFileType = sourcecode.swift; path = "Double+Converter.swift"; sourceTree = "<group>"; };
		29CC80DD229E555500BD7B0E /* Configuration.swift */ = {isa = PBXFileReference; lastKnownFileType = sourcecode.swift; path = Configuration.swift; sourceTree = "<group>"; };
		29CC80DF229E562B00BD7B0E /* BaseView.swift */ = {isa = PBXFileReference; lastKnownFileType = sourcecode.swift; path = BaseView.swift; sourceTree = "<group>"; };
		F426E2C8FB3450753482763B /* Drawable.swift */ = {isa = PBXFileReference; fileEncoding = 4; lastKnownFileType = sourcecode.swift; path = Drawable.swift; sourceTree = "<group>"; };
		F426E5AF12234E488BA318D9 /* Shadable.swift */ = {isa = PBXFileReference; fileEncoding = 4; lastKnownFileType = sourcecode.swift; path = Shadable.swift; sourceTree = "<group>"; };
		F426E5F535F9FA55D6F8A516 /* RatingConfig.swift */ = {isa = PBXFileReference; fileEncoding = 4; lastKnownFileType = sourcecode.swift; path = RatingConfig.swift; sourceTree = "<group>"; };
		F426E618D861CCDAB76B47AF /* StarShape.swift */ = {isa = PBXFileReference; fileEncoding = 4; lastKnownFileType = sourcecode.swift; path = StarShape.swift; sourceTree = "<group>"; };
		F426E76A99C148ED9C1440BA /* ShapeRatingDrawing.swift */ = {isa = PBXFileReference; fileEncoding = 4; lastKnownFileType = sourcecode.swift; path = ShapeRatingDrawing.swift; sourceTree = "<group>"; };
		F426E8941598A4C38FB06905 /* ImageRatingDrawable.swift */ = {isa = PBXFileReference; fileEncoding = 4; lastKnownFileType = sourcecode.swift; path = ImageRatingDrawable.swift; sourceTree = "<group>"; };
		F426E8BA618DAB08EEE3344C /* ShapeRatingDrawable.swift */ = {isa = PBXFileReference; fileEncoding = 4; lastKnownFileType = sourcecode.swift; path = ShapeRatingDrawable.swift; sourceTree = "<group>"; };
		F426EB6C38A1EA970CFFCD1C /* RatingDrawing.swift */ = {isa = PBXFileReference; fileEncoding = 4; lastKnownFileType = sourcecode.swift; path = RatingDrawing.swift; sourceTree = "<group>"; };
		F426EBCB0D7F79FD3DA6569B /* ImageRatingDrawing.swift */ = {isa = PBXFileReference; fileEncoding = 4; lastKnownFileType = sourcecode.swift; path = ImageRatingDrawing.swift; sourceTree = "<group>"; };
		F426EC74A514340F058447EA /* RatingDrawable.swift */ = {isa = PBXFileReference; fileEncoding = 4; lastKnownFileType = sourcecode.swift; path = RatingDrawable.swift; sourceTree = "<group>"; };
		F426EFC3744B2AAD24A0FD60 /* Drawing.swift */ = {isa = PBXFileReference; fileEncoding = 4; lastKnownFileType = sourcecode.swift; path = Drawing.swift; sourceTree = "<group>"; };
/* End PBXFileReference section */

/* Begin PBXFrameworksBuildPhase section */
		299A411F229C8A09007192A5 /* Frameworks */ = {
			isa = PBXFrameworksBuildPhase;
			buildActionMask = 2147483647;
			files = (
			);
			runOnlyForDeploymentPostprocessing = 0;
		};
		299A4128229C8A09007192A5 /* Frameworks */ = {
			isa = PBXFrameworksBuildPhase;
			buildActionMask = 2147483647;
			files = (
				299A412C229C8A09007192A5 /* SCReviewRatingKit.framework in Frameworks */,
			);
			runOnlyForDeploymentPostprocessing = 0;
		};
/* End PBXFrameworksBuildPhase section */

/* Begin PBXGroup section */
		299A4118229C8A09007192A5 = {
			isa = PBXGroup;
			children = (
				299A4124229C8A09007192A5 /* SCReviewRatingKit */,
				299A412F229C8A09007192A5 /* SCReviewRatingKitTests */,
				299A4123229C8A09007192A5 /* Products */,
			);
			sourceTree = "<group>";
		};
		299A4123229C8A09007192A5 /* Products */ = {
			isa = PBXGroup;
			children = (
				299A4122229C8A09007192A5 /* SCReviewRatingKit.framework */,
				299A412B229C8A09007192A5 /* SCReviewRatingKitTests.xctest */,
			);
			name = Products;
			sourceTree = "<group>";
		};
		299A4124229C8A09007192A5 /* SCReviewRatingKit */ = {
			isa = PBXGroup;
			children = (
				29CC80E1229F89FB00BD7B0E /* View */,
				299A4155229CA5A2007192A5 /* Extensions */,
				299A4125229C8A09007192A5 /* SCReviewRatingKit.h */,
				299A4126229C8A09007192A5 /* Info.plist */,
				F426EEC54081C3D7401A3873 /* Draw */,
				F426E4D653C3EF5E05AEA34B /* Config */,
				F426E92921483C839B3C21F8 /* Shape */,
			);
			path = SCReviewRatingKit;
			sourceTree = "<group>";
		};
		299A412F229C8A09007192A5 /* SCReviewRatingKitTests */ = {
			isa = PBXGroup;
			children = (
				299A4130229C8A09007192A5 /* SCReviewRatingKitTests.swift */,
				299A4132229C8A09007192A5 /* Info.plist */,
			);
			path = SCReviewRatingKitTests;
			sourceTree = "<group>";
		};
		299A4155229CA5A2007192A5 /* Extensions */ = {
			isa = PBXGroup;
			children = (
				299A4156229CA5B8007192A5 /* UInt+Converter.swift */,
				29CC80D5229CEA6F00BD7B0E /* CGFloat+Converter.swift */,
				29CC80D7229CEAB300BD7B0E /* Float+Converter.swift */,
				29CC80DB229D0F8900BD7B0E /* Double+Converter.swift */,
			);
			path = Extensions;
			sourceTree = "<group>";
		};
		29CC80E1229F89FB00BD7B0E /* View */ = {
			isa = PBXGroup;
			children = (
				299A4151229C997E007192A5 /* SCReviewRatingView.swift */,
				29CC80DF229E562B00BD7B0E /* BaseView.swift */,
			);
			path = View;
			sourceTree = "<group>";
		};
		F426E0C7B9E52C48B4CCED77 /* Implementation */ = {
			isa = PBXGroup;
			children = (
				F426EFC3744B2AAD24A0FD60 /* Drawing.swift */,
				F426E76A99C148ED9C1440BA /* ShapeRatingDrawing.swift */,
				F426EBCB0D7F79FD3DA6569B /* ImageRatingDrawing.swift */,
				F426EB6C38A1EA970CFFCD1C /* RatingDrawing.swift */,
			);
			path = Implementation;
			sourceTree = "<group>";
		};
		F426E4D653C3EF5E05AEA34B /* Config */ = {
			isa = PBXGroup;
			children = (
				F426E5F535F9FA55D6F8A516 /* RatingConfig.swift */,
				29CC80DD229E555500BD7B0E /* Configuration.swift */,
			);
			path = Config;
			sourceTree = "<group>";
		};
		F426E92921483C839B3C21F8 /* Shape */ = {
			isa = PBXGroup;
			children = (
				F426E618D861CCDAB76B47AF /* StarShape.swift */,
				F426E5AF12234E488BA318D9 /* Shadable.swift */,
			);
			path = Shape;
			sourceTree = "<group>";
		};
		F426EEC54081C3D7401A3873 /* Draw */ = {
			isa = PBXGroup;
			children = (
				F426E2C8FB3450753482763B /* Drawable.swift */,
				F426E8941598A4C38FB06905 /* ImageRatingDrawable.swift */,
				F426EC74A514340F058447EA /* RatingDrawable.swift */,
				F426E8BA618DAB08EEE3344C /* ShapeRatingDrawable.swift */,
				F426E0C7B9E52C48B4CCED77 /* Implementation */,
			);
			path = Draw;
			sourceTree = "<group>";
		};
/* End PBXGroup section */

/* Begin PBXHeadersBuildPhase section */
		299A411D229C8A09007192A5 /* Headers */ = {
			isa = PBXHeadersBuildPhase;
			buildActionMask = 2147483647;
			files = (
				299A4133229C8A09007192A5 /* SCReviewRatingKit.h in Headers */,
			);
			runOnlyForDeploymentPostprocessing = 0;
		};
/* End PBXHeadersBuildPhase section */

/* Begin PBXNativeTarget section */
		299A4121229C8A09007192A5 /* SCReviewRatingKit */ = {
			isa = PBXNativeTarget;
			buildConfigurationList = 299A4136229C8A09007192A5 /* Build configuration list for PBXNativeTarget "SCReviewRatingKit" */;
			buildPhases = (
				299A411D229C8A09007192A5 /* Headers */,
				299A411E229C8A09007192A5 /* Sources */,
				299A411F229C8A09007192A5 /* Frameworks */,
				299A4120229C8A09007192A5 /* Resources */,
				299A4158229CADD1007192A5 /* Swift Lint */,
			);
			buildRules = (
			);
			dependencies = (
			);
			name = SCReviewRatingKit;
			productName = SCReviewRatingKit;
			productReference = 299A4122229C8A09007192A5 /* SCReviewRatingKit.framework */;
			productType = "com.apple.product-type.framework";
		};
		299A412A229C8A09007192A5 /* SCReviewRatingKitTests */ = {
			isa = PBXNativeTarget;
			buildConfigurationList = 299A4139229C8A09007192A5 /* Build configuration list for PBXNativeTarget "SCReviewRatingKitTests" */;
			buildPhases = (
				299A4127229C8A09007192A5 /* Sources */,
				299A4128229C8A09007192A5 /* Frameworks */,
				299A4129229C8A09007192A5 /* Resources */,
			);
			buildRules = (
			);
			dependencies = (
				299A412E229C8A09007192A5 /* PBXTargetDependency */,
			);
			name = SCReviewRatingKitTests;
			productName = SCReviewRatingKitTests;
			productReference = 299A412B229C8A09007192A5 /* SCReviewRatingKitTests.xctest */;
			productType = "com.apple.product-type.bundle.unit-test";
		};
/* End PBXNativeTarget section */

/* Begin PBXProject section */
		299A4119229C8A09007192A5 /* Project object */ = {
			isa = PBXProject;
			attributes = {
				LastSwiftUpdateCheck = 1020;
				LastUpgradeCheck = 1020;
				ORGANIZATIONNAME = "Scott Moon";
				TargetAttributes = {
					299A4121229C8A09007192A5 = {
						CreatedOnToolsVersion = 10.2.1;
						LastSwiftMigration = 1020;
					};
					299A412A229C8A09007192A5 = {
						CreatedOnToolsVersion = 10.2.1;
					};
				};
			};
			buildConfigurationList = 299A411C229C8A09007192A5 /* Build configuration list for PBXProject "SCReviewRatingKit" */;
			compatibilityVersion = "Xcode 9.3";
			developmentRegion = en;
			hasScannedForEncodings = 0;
			knownRegions = (
				en,
				Base,
			);
			mainGroup = 299A4118229C8A09007192A5;
			productRefGroup = 299A4123229C8A09007192A5 /* Products */;
			projectDirPath = "";
			projectRoot = "";
			targets = (
				299A4121229C8A09007192A5 /* SCReviewRatingKit */,
				299A412A229C8A09007192A5 /* SCReviewRatingKitTests */,
			);
		};
/* End PBXProject section */

/* Begin PBXResourcesBuildPhase section */
		299A4120229C8A09007192A5 /* Resources */ = {
			isa = PBXResourcesBuildPhase;
			buildActionMask = 2147483647;
			files = (
			);
			runOnlyForDeploymentPostprocessing = 0;
		};
		299A4129229C8A09007192A5 /* Resources */ = {
			isa = PBXResourcesBuildPhase;
			buildActionMask = 2147483647;
			files = (
			);
			runOnlyForDeploymentPostprocessing = 0;
		};
/* End PBXResourcesBuildPhase section */

/* Begin PBXShellScriptBuildPhase section */
		299A4158229CADD1007192A5 /* Swift Lint */ = {
			isa = PBXShellScriptBuildPhase;
			buildActionMask = 2147483647;
			files = (
			);
			inputFileListPaths = (
			);
			inputPaths = (
			);
			name = "Swift Lint";
			outputFileListPaths = (
			);
			outputPaths = (
			);
			runOnlyForDeploymentPostprocessing = 0;
			shellPath = /bin/sh;
			shellScript = "if which swiftlint >/dev/null; then\n  swiftlint\nelse\n  echo \"warning: SwiftLint not installed, download from https://github.com/realm/SwiftLint\"\nfi\n";
		};
/* End PBXShellScriptBuildPhase section */

/* Begin PBXSourcesBuildPhase section */
		299A411E229C8A09007192A5 /* Sources */ = {
			isa = PBXSourcesBuildPhase;
			buildActionMask = 2147483647;
			files = (
				299A4157229CA5B8007192A5 /* UInt+Converter.swift in Sources */,
				29CC80D8229CEAB300BD7B0E /* Float+Converter.swift in Sources */,
				29CC80D6229CEA6F00BD7B0E /* CGFloat+Converter.swift in Sources */,
				29CC80DC229D0F8900BD7B0E /* Double+Converter.swift in Sources */,
				299A4152229C997E007192A5 /* SCReviewRatingView.swift in Sources */,
				F426EC66276493E13D6C66C6 /* Drawable.swift in Sources */,
				F426E6E56750590A263CCE7D /* Drawing.swift in Sources */,
				F426EAA1DEF4D18BCDE96562 /* RatingConfig.swift in Sources */,
				F426EA8DB5268E3442912E14 /* RatingDrawable.swift in Sources */,
				F426E007ECB99EA42F8283A8 /* ImageRatingDrawable.swift in Sources */,
				F426EC9DD8234D8594D1ECB9 /* ShapeRatingDrawable.swift in Sources */,
				29CC80DE229E555500BD7B0E /* Configuration.swift in Sources */,
				F426EC063A832573EDD53211 /* ShapeRatingDrawing.swift in Sources */,
				F426E2ADA48AFE77E27B6E36 /* StarShape.swift in Sources */,
				F426E367A182219409C427D1 /* Shadable.swift in Sources */,
				29CC80E0229E562B00BD7B0E /* BaseView.swift in Sources */,
				F426ECE1EF778683DFD77FEB /* ImageRatingDrawing.swift in Sources */,
				F426EB40CEE1B72AEF9825DC /* RatingDrawing.swift in Sources */,
			);
			runOnlyForDeploymentPostprocessing = 0;
		};
		299A4127229C8A09007192A5 /* Sources */ = {
			isa = PBXSourcesBuildPhase;
			buildActionMask = 2147483647;
			files = (
				299A4131229C8A09007192A5 /* SCReviewRatingKitTests.swift in Sources */,
			);
			runOnlyForDeploymentPostprocessing = 0;
		};
/* End PBXSourcesBuildPhase section */

/* Begin PBXTargetDependency section */
		299A412E229C8A09007192A5 /* PBXTargetDependency */ = {
			isa = PBXTargetDependency;
			target = 299A4121229C8A09007192A5 /* SCReviewRatingKit */;
			targetProxy = 299A412D229C8A09007192A5 /* PBXContainerItemProxy */;
		};
/* End PBXTargetDependency section */

/* Begin XCBuildConfiguration section */
		299A4134229C8A09007192A5 /* Debug */ = {
			isa = XCBuildConfiguration;
			buildSettings = {
				ALWAYS_SEARCH_USER_PATHS = NO;
				CLANG_ANALYZER_NONNULL = YES;
				CLANG_ANALYZER_NUMBER_OBJECT_CONVERSION = YES_AGGRESSIVE;
				CLANG_CXX_LANGUAGE_STANDARD = "gnu++14";
				CLANG_CXX_LIBRARY = "libc++";
				CLANG_ENABLE_MODULES = YES;
				CLANG_ENABLE_OBJC_ARC = YES;
				CLANG_ENABLE_OBJC_WEAK = YES;
				CLANG_WARN_BLOCK_CAPTURE_AUTORELEASING = YES;
				CLANG_WARN_BOOL_CONVERSION = YES;
				CLANG_WARN_COMMA = YES;
				CLANG_WARN_CONSTANT_CONVERSION = YES;
				CLANG_WARN_DEPRECATED_OBJC_IMPLEMENTATIONS = YES;
				CLANG_WARN_DIRECT_OBJC_ISA_USAGE = YES_ERROR;
				CLANG_WARN_DOCUMENTATION_COMMENTS = YES;
				CLANG_WARN_EMPTY_BODY = YES;
				CLANG_WARN_ENUM_CONVERSION = YES;
				CLANG_WARN_INFINITE_RECURSION = YES;
				CLANG_WARN_INT_CONVERSION = YES;
				CLANG_WARN_NON_LITERAL_NULL_CONVERSION = YES;
				CLANG_WARN_OBJC_IMPLICIT_RETAIN_SELF = YES;
				CLANG_WARN_OBJC_LITERAL_CONVERSION = YES;
				CLANG_WARN_OBJC_ROOT_CLASS = YES_ERROR;
				CLANG_WARN_RANGE_LOOP_ANALYSIS = YES;
				CLANG_WARN_STRICT_PROTOTYPES = YES;
				CLANG_WARN_SUSPICIOUS_MOVE = YES;
				CLANG_WARN_UNGUARDED_AVAILABILITY = YES_AGGRESSIVE;
				CLANG_WARN_UNREACHABLE_CODE = YES;
				CLANG_WARN__DUPLICATE_METHOD_MATCH = YES;
				CODE_SIGN_IDENTITY = "iPhone Developer";
				COPY_PHASE_STRIP = NO;
				CURRENT_PROJECT_VERSION = 1;
				DEBUG_INFORMATION_FORMAT = dwarf;
				ENABLE_STRICT_OBJC_MSGSEND = YES;
				ENABLE_TESTABILITY = YES;
				GCC_C_LANGUAGE_STANDARD = gnu11;
				GCC_DYNAMIC_NO_PIC = NO;
				GCC_NO_COMMON_BLOCKS = YES;
				GCC_OPTIMIZATION_LEVEL = 0;
				GCC_PREPROCESSOR_DEFINITIONS = (
					"DEBUG=1",
					"$(inherited)",
				);
				GCC_WARN_64_TO_32_BIT_CONVERSION = YES;
				GCC_WARN_ABOUT_RETURN_TYPE = YES_ERROR;
				GCC_WARN_UNDECLARED_SELECTOR = YES;
				GCC_WARN_UNINITIALIZED_AUTOS = YES_AGGRESSIVE;
				GCC_WARN_UNUSED_FUNCTION = YES;
				GCC_WARN_UNUSED_VARIABLE = YES;
				IPHONEOS_DEPLOYMENT_TARGET = 12.2;
				MTL_ENABLE_DEBUG_INFO = INCLUDE_SOURCE;
				MTL_FAST_MATH = YES;
				ONLY_ACTIVE_ARCH = YES;
				SDKROOT = iphoneos;
				SWIFT_ACTIVE_COMPILATION_CONDITIONS = DEBUG;
				SWIFT_OPTIMIZATION_LEVEL = "-Onone";
				VERSIONING_SYSTEM = "apple-generic";
				VERSION_INFO_PREFIX = "";
			};
			name = Debug;
		};
		299A4135229C8A09007192A5 /* Release */ = {
			isa = XCBuildConfiguration;
			buildSettings = {
				ALWAYS_SEARCH_USER_PATHS = NO;
				CLANG_ANALYZER_NONNULL = YES;
				CLANG_ANALYZER_NUMBER_OBJECT_CONVERSION = YES_AGGRESSIVE;
				CLANG_CXX_LANGUAGE_STANDARD = "gnu++14";
				CLANG_CXX_LIBRARY = "libc++";
				CLANG_ENABLE_MODULES = YES;
				CLANG_ENABLE_OBJC_ARC = YES;
				CLANG_ENABLE_OBJC_WEAK = YES;
				CLANG_WARN_BLOCK_CAPTURE_AUTORELEASING = YES;
				CLANG_WARN_BOOL_CONVERSION = YES;
				CLANG_WARN_COMMA = YES;
				CLANG_WARN_CONSTANT_CONVERSION = YES;
				CLANG_WARN_DEPRECATED_OBJC_IMPLEMENTATIONS = YES;
				CLANG_WARN_DIRECT_OBJC_ISA_USAGE = YES_ERROR;
				CLANG_WARN_DOCUMENTATION_COMMENTS = YES;
				CLANG_WARN_EMPTY_BODY = YES;
				CLANG_WARN_ENUM_CONVERSION = YES;
				CLANG_WARN_INFINITE_RECURSION = YES;
				CLANG_WARN_INT_CONVERSION = YES;
				CLANG_WARN_NON_LITERAL_NULL_CONVERSION = YES;
				CLANG_WARN_OBJC_IMPLICIT_RETAIN_SELF = YES;
				CLANG_WARN_OBJC_LITERAL_CONVERSION = YES;
				CLANG_WARN_OBJC_ROOT_CLASS = YES_ERROR;
				CLANG_WARN_RANGE_LOOP_ANALYSIS = YES;
				CLANG_WARN_STRICT_PROTOTYPES = YES;
				CLANG_WARN_SUSPICIOUS_MOVE = YES;
				CLANG_WARN_UNGUARDED_AVAILABILITY = YES_AGGRESSIVE;
				CLANG_WARN_UNREACHABLE_CODE = YES;
				CLANG_WARN__DUPLICATE_METHOD_MATCH = YES;
				CODE_SIGN_IDENTITY = "iPhone Developer";
				COPY_PHASE_STRIP = NO;
				CURRENT_PROJECT_VERSION = 1;
				DEBUG_INFORMATION_FORMAT = "dwarf-with-dsym";
				ENABLE_NS_ASSERTIONS = NO;
				ENABLE_STRICT_OBJC_MSGSEND = YES;
				GCC_C_LANGUAGE_STANDARD = gnu11;
				GCC_NO_COMMON_BLOCKS = YES;
				GCC_WARN_64_TO_32_BIT_CONVERSION = YES;
				GCC_WARN_ABOUT_RETURN_TYPE = YES_ERROR;
				GCC_WARN_UNDECLARED_SELECTOR = YES;
				GCC_WARN_UNINITIALIZED_AUTOS = YES_AGGRESSIVE;
				GCC_WARN_UNUSED_FUNCTION = YES;
				GCC_WARN_UNUSED_VARIABLE = YES;
				IPHONEOS_DEPLOYMENT_TARGET = 12.2;
				MTL_ENABLE_DEBUG_INFO = NO;
				MTL_FAST_MATH = YES;
				SDKROOT = iphoneos;
				SWIFT_COMPILATION_MODE = wholemodule;
				SWIFT_OPTIMIZATION_LEVEL = "-O";
				VALIDATE_PRODUCT = YES;
				VERSIONING_SYSTEM = "apple-generic";
				VERSION_INFO_PREFIX = "";
			};
			name = Release;
		};
		299A4137229C8A09007192A5 /* Debug */ = {
			isa = XCBuildConfiguration;
			buildSettings = {
				CLANG_ENABLE_MODULES = YES;
				CODE_SIGN_IDENTITY = "";
				CODE_SIGN_STYLE = Manual;
				DEFINES_MODULE = YES;
				DEVELOPMENT_TEAM = "";
				DYLIB_COMPATIBILITY_VERSION = 1;
				DYLIB_CURRENT_VERSION = 1;
				DYLIB_INSTALL_NAME_BASE = "@rpath";
				INFOPLIST_FILE = SCReviewRatingKit/Info.plist;
				INSTALL_PATH = "$(LOCAL_LIBRARY_DIR)/Frameworks";
				LD_RUNPATH_SEARCH_PATHS = (
					"$(inherited)",
					"@executable_path/Frameworks",
					"@loader_path/Frameworks",
				);
				PRODUCT_BUNDLE_IDENTIFIER = com.github.SCReviewRatingKit;
				PRODUCT_NAME = "$(TARGET_NAME:c99extidentifier)";
				PROVISIONING_PROFILE_SPECIFIER = "";
				SKIP_INSTALL = YES;
				SWIFT_OPTIMIZATION_LEVEL = "-Onone";
				SWIFT_VERSION = 5.0;
				TARGETED_DEVICE_FAMILY = "1,2";
			};
			name = Debug;
		};
		299A4138229C8A09007192A5 /* Release */ = {
			isa = XCBuildConfiguration;
			buildSettings = {
				CLANG_ENABLE_MODULES = YES;
				CODE_SIGN_IDENTITY = "";
				CODE_SIGN_STYLE = Manual;
				DEFINES_MODULE = YES;
				DEVELOPMENT_TEAM = "";
				DYLIB_COMPATIBILITY_VERSION = 1;
				DYLIB_CURRENT_VERSION = 1;
				DYLIB_INSTALL_NAME_BASE = "@rpath";
				INFOPLIST_FILE = SCReviewRatingKit/Info.plist;
				INSTALL_PATH = "$(LOCAL_LIBRARY_DIR)/Frameworks";
				LD_RUNPATH_SEARCH_PATHS = (
					"$(inherited)",
					"@executable_path/Frameworks",
					"@loader_path/Frameworks",
				);
				PRODUCT_BUNDLE_IDENTIFIER = com.github.SCReviewRatingKit;
				PRODUCT_NAME = "$(TARGET_NAME:c99extidentifier)";
				PROVISIONING_PROFILE_SPECIFIER = "";
				SKIP_INSTALL = YES;
				SWIFT_VERSION = 5.0;
				TARGETED_DEVICE_FAMILY = "1,2";
			};
			name = Release;
		};
		299A413A229C8A09007192A5 /* Debug */ = {
			isa = XCBuildConfiguration;
			buildSettings = {
				ALWAYS_EMBED_SWIFT_STANDARD_LIBRARIES = YES;
				CODE_SIGN_STYLE = Manual;
				DEVELOPMENT_TEAM = "";
				INFOPLIST_FILE = SCReviewRatingKitTests/Info.plist;
				LD_RUNPATH_SEARCH_PATHS = (
					"$(inherited)",
					"@executable_path/Frameworks",
					"@loader_path/Frameworks",
				);
				PRODUCT_BUNDLE_IDENTIFIER = com.github.SCReviewRatingKitTests;
				PRODUCT_NAME = "$(TARGET_NAME)";
				PROVISIONING_PROFILE_SPECIFIER = "";
				SWIFT_VERSION = 5.0;
				TARGETED_DEVICE_FAMILY = "1,2";
			};
			name = Debug;
		};
		299A413B229C8A09007192A5 /* Release */ = {
			isa = XCBuildConfiguration;
			buildSettings = {
				ALWAYS_EMBED_SWIFT_STANDARD_LIBRARIES = YES;
				CODE_SIGN_STYLE = Manual;
				DEVELOPMENT_TEAM = "";
				INFOPLIST_FILE = SCReviewRatingKitTests/Info.plist;
				LD_RUNPATH_SEARCH_PATHS = (
					"$(inherited)",
					"@executable_path/Frameworks",
					"@loader_path/Frameworks",
				);
				PRODUCT_BUNDLE_IDENTIFIER = com.github.SCReviewRatingKitTests;
				PRODUCT_NAME = "$(TARGET_NAME)";
				PROVISIONING_PROFILE_SPECIFIER = "";
				SWIFT_VERSION = 5.0;
				TARGETED_DEVICE_FAMILY = "1,2";
			};
			name = Release;
		};
/* End XCBuildConfiguration section */

/* Begin XCConfigurationList section */
		299A411C229C8A09007192A5 /* Build configuration list for PBXProject "SCReviewRatingKit" */ = {
			isa = XCConfigurationList;
			buildConfigurations = (
				299A4134229C8A09007192A5 /* Debug */,
				299A4135229C8A09007192A5 /* Release */,
			);
			defaultConfigurationIsVisible = 0;
			defaultConfigurationName = Release;
		};
		299A4136229C8A09007192A5 /* Build configuration list for PBXNativeTarget "SCReviewRatingKit" */ = {
			isa = XCConfigurationList;
			buildConfigurations = (
				299A4137229C8A09007192A5 /* Debug */,
				299A4138229C8A09007192A5 /* Release */,
			);
			defaultConfigurationIsVisible = 0;
			defaultConfigurationName = Release;
		};
		299A4139229C8A09007192A5 /* Build configuration list for PBXNativeTarget "SCReviewRatingKitTests" */ = {
			isa = XCConfigurationList;
			buildConfigurations = (
				299A413A229C8A09007192A5 /* Debug */,
				299A413B229C8A09007192A5 /* Release */,
			);
			defaultConfigurationIsVisible = 0;
			defaultConfigurationName = Release;
		};
/* End XCConfigurationList section */
	};
	rootObject = 299A4119229C8A09007192A5 /* Project object */;
}
